# This file was autogenerated by uv via the following command:
#    uv pip compile requirements.txt -o requirements.lock
cloudpickle==3.1.2
    # via joblib
hmmlearn==0.3.3
    # via -r requirements.txt
joblib==1.6.0
    # via scikit-learn
narwhals==2.26.0
    # via
    #   plotly
    #   scikit-learn
numpy==2.5.1
    # via
    #   -r requirements.txt
    #   hmmlearn
    #   pandas
    #   scikit-learn
    #   scipy
packaging==26.3
    # via plotly
pandas==3.0.5
    # via -r requirements.txt
plotly==7.0.0
    # via -r requirements.txt
python-dateutil==2.9.0.post0
    # via pandas
scikit-learn==1.9.1
    # via hmmlearn
scipy==1.18.0
    # via
    #   -r requirements.txt
    #   hmmlearn
    #   scikit-learn
setuptools==83.0.0
    # via -r requirements.txt
six==1.17.0
    # via python-dateutil
threadpoolctl==3.6.0
    # via scikit-learn
tqdm==4.69.0
    # via -r requirements.txt
